
Microsoft Visual Studio Solution File, Format Version 12.00
# Visual Studio Version 17
VisualStudioVersion = 17.0.32112.339
MinimumVisualStudioVersion = 10.0.40219.1
Project("{FAE04EC0-301F-11D3-BF4B-00C04F79EFBC}") = "Send Image", "Send Image\Send Image.csproj", "{BAC48A39-7869-4267-BF61-CCF83788B2CB}"
EndProject
Project("{FAE04EC0-301F-11D3-BF4B-00C04F79EFBC}") = "Receive Image", "Receive Image\Receive Image.csproj", "{A9FFDAEB-3A52-4E68-96C1-F35BF69FC143}"
EndProject
Global
	GlobalSection(SolutionConfigurationPlatforms) = preSolution
		Debug|Any CPU = Debug|Any CPU
		Release|Any CPU = Release|Any CPU
	EndGlobalSection
	GlobalSection(ProjectConfigurationPlatforms) = postSolution
		{BAC48A39-7869-4267-BF61-CCF83788B2CB}.Debug|Any CPU.ActiveCfg = Debug|Any CPU
		{BAC48A39-7869-4267-BF61-CCF83788B2CB}.Debug|Any CPU.Build.0 = Debug|Any CPU
		{BAC48A39-7869-4267-BF61-CCF83788B2CB}.Release|Any CPU.ActiveCfg = Release|Any CPU
		{BAC48A39-7869-4267-BF61-CCF83788B2CB}.Release|Any CPU.Build.0 = Release|Any CPU
		{A9FFDAEB-3A52-4E68-96C1-F35BF69FC143}.Debug|Any CPU.ActiveCfg = Debug|Any CPU
		{A9FFDAEB-3A52-4E68-96C1-F35BF69FC143}.Debug|Any CPU.Build.0 = Debug|Any CPU
		{A9FFDAEB-3A52-4E68-96C1-F35BF69FC143}.Release|Any CPU.ActiveCfg = Release|Any CPU
		{A9FFDAEB-3A52-4E68-96C1-F35BF69FC143}.Release|Any CPU.Build.0 = Release|Any CPU
	EndGlobalSection
	GlobalSection(SolutionProperties) = preSolution
		HideSolutionNode = FALSE
	EndGlobalSection
	GlobalSection(ExtensibilityGlobals) = postSolution
		SolutionGuid = {7D75AE92-94B7-43F2-88DD-375635800EEF}
	EndGlobalSection
EndGlobal
